
Microsoft Visual Studio Solution File, Format Version 12.00
# Visual Studio 15
VisualStudioVersion = 15.0.28307.421
MinimumVisualStudioVersion = 10.0.40219.1
Project("{FAE04EC0-301F-11D3-BF4B-00C04F79EFBC}") = "CheckKintal", "CheckKintal\CheckKintal.csproj", "{C0EF159C-4D01-4E4D-89DB-694E0385C692}"
EndProject
Global
	GlobalSection(SolutionConfigurationPlatforms) = preSolution
		Debug|Any CPU = Debug|Any CPU
		Release|Any CPU = Release|Any CPU
	EndGlobalSection
	GlobalSection(ProjectConfigurationPlatforms) = postSolution
		{C0EF159C-4D01-4E4D-89DB-694E0385C692}.Debug|Any CPU.ActiveCfg = Debug|Any CPU
		{C0EF159C-4D01-4E4D-89DB-694E0385C692}.Debug|Any CPU.Build.0 = Debug|Any CPU
		{C0EF159C-4D01-4E4D-89DB-694E0385C692}.Release|Any CPU.ActiveCfg = Release|Any CPU
		{C0EF159C-4D01-4E4D-89DB-694E0385C692}.Release|Any CPU.Build.0 = Release|Any CPU
	EndGlobalSection
	GlobalSection(SolutionProperties) = preSolution
		HideSolutionNode = FALSE
	EndGlobalSection
	GlobalSection(ExtensibilityGlobals) = postSolution
		SolutionGuid = {EB477FC0-4DE1-4CDF-8E10-7A7AF995C59A}
	EndGlobalSection
EndGlobal
